
Microsoft Visual Studio Solution File, Format Version 12.00
# Visual Studio Version 16
VisualStudioVersion = 16.0.29519.181
MinimumVisualStudioVersion = 10.0.40219.1
Project("{FAE04EC0-301F-11D3-BF4B-00C04F79EFBC}") = "Compito_Vacanze_TPS", "Compito_Vacanze_TPS\Compito_Vacanze_TPS.csproj", "{655ECD09-1FEC-46BD-AD2B-78A986945F48}"
EndProject
Global
	GlobalSection(SolutionConfigurationPlatforms) = preSolution
		Debug|Any CPU = Debug|Any CPU
		Release|Any CPU = Release|Any CPU
	EndGlobalSection
	GlobalSection(ProjectConfigurationPlatforms) = postSolution
		{655ECD09-1FEC-46BD-AD2B-78A986945F48}.Debug|Any CPU.ActiveCfg = Debug|Any CPU
		{655ECD09-1FEC-46BD-AD2B-78A986945F48}.Debug|Any CPU.Build.0 = Debug|Any CPU
		{655ECD09-1FEC-46BD-AD2B-78A986945F48}.Release|Any CPU.ActiveCfg = Release|Any CPU
		{655ECD09-1FEC-46BD-AD2B-78A986945F48}.Release|Any CPU.Build.0 = Release|Any CPU
	EndGlobalSection
	GlobalSection(SolutionProperties) = preSolution
		HideSolutionNode = FALSE
	EndGlobalSection
	GlobalSection(ExtensibilityGlobals) = postSolution
		SolutionGuid = {EFA81FED-C439-46A9-81CC-FB1E96E02834}
	EndGlobalSection
EndGlobal
